// !$*UTF8*$!
{
	archiveVersion = 1;
	classes = {
	};
	objectVersion = 46;
	objects = {

/* Begin PBXBuildFile section */
		1A1EDC201CB561D20095C12A /* BLUAppDelegate_ios.m in Sources */ = {isa = PBXBuildFile; fileRef = 1A1EDBCF1CB560680095C12A /* BLUAppDelegate_ios.m */; };
		1A1EDC211CB561D20095C12A /* BLUViewController_ios.m in Sources */ = {isa = PBXBuildFile; fileRef = 1A1EDBD11CB560680095C12A /* BLUViewController_ios.m */; };
		1A1EDC241CB561DD0095C12A /* CoreBluetooth.framework in Frameworks */ = {isa = PBXBuildFile; fileRef = 1A1EDC231CB561DD0095C12A /* CoreBluetooth.framework */; };
		1A1EDC261CB561E90095C12A /* UIKit.framework in Frameworks */ = {isa = PBXBuildFile; fileRef = 1A1EDC251CB561E90095C12A /* UIKit.framework */; };
		1A1EDC271CB5620A0095C12A /* Assets_ios.xcassets in Resources */ = {isa = PBXBuildFile; fileRef = 1A1EDBD81CB560790095C12A /* Assets_ios.xcassets */; };
		1A1EDC281CB5620A0095C12A /* LaunchScreen_ios.storyboard in Resources */ = {isa = PBXBuildFile; fileRef = 1A1EDBDA1CB560830095C12A /* LaunchScreen_ios.storyboard */; };
		1A1EDC2A1CB5620A0095C12A /* Main_ios.storyboard in Resources */ = {isa = PBXBuildFile; fileRef = 1A1EDBDC1CB560830095C12A /* Main_ios.storyboard */; };
		1A1EDC2F1CB562D10095C12A /* main_ios.m in Sources */ = {isa = PBXBuildFile; fileRef = 1A1EDBD21CB560680095C12A /* main_ios.m */; };
		1A33F5961CCAF06C00A87721 /* Localizable.strings in Resources */ = {isa = PBXBuildFile; fileRef = 1ADA6B6F1CB391FE00B39C33 /* Localizable.strings */; };
		1A7184481CB5A19200D71D1D /* Localizable.strings in Resources */ = {isa = PBXBuildFile; fileRef = 1ADA6B6F1CB391FE00B39C33 /* Localizable.strings */; };
		1A71D9F61CB4911A00FCC2FD /* AppKit.framework in Frameworks */ = {isa = PBXBuildFile; fileRef = 622D77DA17142EBA00B2A04F /* AppKit.framework */; };
		1A71D9FB1CB4934400FCC2FD /* CoreBluetooth.framework in Frameworks */ = {isa = PBXBuildFile; fileRef = 1A71D9FA1CB4934400FCC2FD /* CoreBluetooth.framework */; };
		1A71D9FE1CB493B800FCC2FD /* BLUViewController_mac.m in Sources */ = {isa = PBXBuildFile; fileRef = 1A71D9FD1CB493B800FCC2FD /* BLUViewController_mac.m */; };
		1ADA6B6C1CB3914700B39C33 /* Main_mac.storyboard in Resources */ = {isa = PBXBuildFile; fileRef = 1ADA6B6A1CB3914700B39C33 /* Main_mac.storyboard */; };
		1ADA6B6E1CB391A200B39C33 /* Assets_mac.xcassets in Resources */ = {isa = PBXBuildFile; fileRef = 1ADA6B6D1CB391A200B39C33 /* Assets_mac.xcassets */; };
		622D77E417142EBA00B2A04F /* main_mac.m in Sources */ = {isa = PBXBuildFile; fileRef = 622D77E317142EBA00B2A04F /* main_mac.m */; };
		622D77EB17142EBA00B2A04F /* BLUAppDelegate_mac.m in Sources */ = {isa = PBXBuildFile; fileRef = 622D77EA17142EBA00B2A04F /* BLUAppDelegate_mac.m */; };
/* End PBXBuildFile section */

/* Begin PBXFileReference section */
		1A0A20E61CB3690800670ED6 /* Application-iOS.xcconfig */ = {isa = PBXFileReference; lastKnownFileType = text.xcconfig; path = "Application-iOS.xcconfig"; sourceTree = "<group>"; };
		1A0A20E71CB3690800670ED6 /* Application-OSX.xcconfig */ = {isa = PBXFileReference; lastKnownFileType = text.xcconfig; path = "Application-OSX.xcconfig"; sourceTree = "<group>"; };
		1A0A20E81CB3690800670ED6 /* Framework-iOS.xcconfig */ = {isa = PBXFileReference; lastKnownFileType = text.xcconfig; path = "Framework-iOS.xcconfig"; sourceTree = "<group>"; };
		1A0A20E91CB3690800670ED6 /* Framework-OSX.xcconfig */ = {isa = PBXFileReference; lastKnownFileType = text.xcconfig; path = "Framework-OSX.xcconfig"; sourceTree = "<group>"; };
		1A0A20EA1CB3690800670ED6 /* Library-iOS.xcconfig */ = {isa = PBXFileReference; lastKnownFileType = text.xcconfig; path = "Library-iOS.xcconfig"; sourceTree = "<group>"; };
		1A0A20EB1CB3690800670ED6 /* Library-OSX.xcconfig */ = {isa = PBXFileReference; lastKnownFileType = text.xcconfig; path = "Library-OSX.xcconfig"; sourceTree = "<group>"; };
		1A0A20EC1CB3690800670ED6 /* Project-Debug.xcconfig */ = {isa = PBXFileReference; lastKnownFileType = text.xcconfig; path = "Project-Debug.xcconfig"; sourceTree = "<group>"; };
		1A0A20ED1CB3690800670ED6 /* Project-Release.xcconfig */ = {isa = PBXFileReference; lastKnownFileType = text.xcconfig; path = "Project-Release.xcconfig"; sourceTree = "<group>"; };
		1A0A20EE1CB3690800670ED6 /* Project.xcconfig */ = {isa = PBXFileReference; lastKnownFileType = text.xcconfig; path = Project.xcconfig; sourceTree = "<group>"; };
		1A0A20EF1CB3690800670ED6 /* Target-iOS.xcconfig */ = {isa = PBXFileReference; lastKnownFileType = text.xcconfig; path = "Target-iOS.xcconfig"; sourceTree = "<group>"; };
		1A0A20F01CB3690800670ED6 /* Target-OSX.xcconfig */ = {isa = PBXFileReference; lastKnownFileType = text.xcconfig; path = "Target-OSX.xcconfig"; sourceTree = "<group>"; };
		1A0A20F11CB3690800670ED6 /* Test-iOS.xcconfig */ = {isa = PBXFileReference; lastKnownFileType = text.xcconfig; path = "Test-iOS.xcconfig"; sourceTree = "<group>"; };
		1A0A20F21CB3690800670ED6 /* Test-OSX.xcconfig */ = {isa = PBXFileReference; lastKnownFileType = text.xcconfig; path = "Test-OSX.xcconfig"; sourceTree = "<group>"; };
		1A0A20F31CB3690800670ED6 /* LICENSE.markdown */ = {isa = PBXFileReference; lastKnownFileType = net.daringfireball.markdown; path = LICENSE.markdown; sourceTree = "<group>"; };
		1A0A20F41CB3690800670ED6 /* README.markdown */ = {isa = PBXFileReference; lastKnownFileType = net.daringfireball.markdown; path = README.markdown; sourceTree = "<group>"; };
		1A16C1751CC92389003BD396 /* find-clang-format */ = {isa = PBXFileReference; fileEncoding = 4; lastKnownFileType = text; path = "find-clang-format"; sourceTree = "<group>"; };
		1A16C1761CC92389003BD396 /* find-genstrings */ = {isa = PBXFileReference; fileEncoding = 4; lastKnownFileType = text; path = "find-genstrings"; sourceTree = "<group>"; };
		1A1EDBCE1CB560680095C12A /* BLUAppDelegate_ios.h */ = {isa = PBXFileReference; fileEncoding = 4; lastKnownFileType = sourcecode.c.h; path = BLUAppDelegate_ios.h; sourceTree = "<group>"; };
		1A1EDBCF1CB560680095C12A /* BLUAppDelegate_ios.m */ = {isa = PBXFileReference; fileEncoding = 4; lastKnownFileType = sourcecode.c.objc; path = BLUAppDelegate_ios.m; sourceTree = "<group>"; };
		1A1EDBD01CB560680095C12A /* BLUViewController_ios.h */ = {isa = PBXFileReference; fileEncoding = 4; lastKnownFileType = sourcecode.c.h; path = BLUViewController_ios.h; sourceTree = "<group>"; };
		1A1EDBD11CB560680095C12A /* BLUViewController_ios.m */ = {isa = PBXFileReference; fileEncoding = 4; lastKnownFileType = sourcecode.c.objc; path = BLUViewController_ios.m; sourceTree = "<group>"; };
		1A1EDBD21CB560680095C12A /* main_ios.m */ = {isa = PBXFileReference; fileEncoding = 4; lastKnownFileType = sourcecode.c.objc; path = main_ios.m; sourceTree = "<group>"; };
		1A1EDBD61CB560720095C12A /* Info_ios.plist */ = {isa = PBXFileReference; fileEncoding = 4; lastKnownFileType = text.plist.xml; path = Info_ios.plist; sourceTree = "<group>"; };
		1A1EDBD81CB560790095C12A /* Assets_ios.xcassets */ = {isa = PBXFileReference; lastKnownFileType = folder.assetcatalog; path = Assets_ios.xcassets; sourceTree = "<group>"; };
		1A1EDBDB1CB560830095C12A /* Base */ = {isa = PBXFileReference; lastKnownFileType = file.storyboard; name = Base; path = Base.lproj/LaunchScreen_ios.storyboard; sourceTree = "<group>"; };
		1A1EDBDD1CB560830095C12A /* Base */ = {isa = PBXFileReference; lastKnownFileType = file.storyboard; name = Base; path = Base.lproj/Main_ios.storyboard; sourceTree = "<group>"; };
		1A1EDBED1CB560FA0095C12A /* CoreBluetoothExamplePeripheral-iOS.app */ = {isa = PBXFileReference; explicitFileType = wrapper.application; includeInIndex = 0; path = "CoreBluetoothExamplePeripheral-iOS.app"; sourceTree = BUILT_PRODUCTS_DIR; };
		1A1EDC231CB561DD0095C12A /* CoreBluetooth.framework */ = {isa = PBXFileReference; lastKnownFileType = wrapper.framework; name = CoreBluetooth.framework; path = Platforms/iPhoneOS.platform/Developer/SDKs/iPhoneOS9.3.sdk/System/Library/Frameworks/CoreBluetooth.framework; sourceTree = DEVELOPER_DIR; };
		1A1EDC251CB561E90095C12A /* UIKit.framework */ = {isa = PBXFileReference; lastKnownFileType = wrapper.framework; name = UIKit.framework; path = Platforms/iPhoneOS.platform/Developer/SDKs/iPhoneOS9.3.sdk/System/Library/Frameworks/UIKit.framework; sourceTree = DEVELOPER_DIR; };
		1A1EDC2C1CB5624B0095C12A /* en */ = {isa = PBXFileReference; lastKnownFileType = text.plist.strings; name = en; path = en.lproj/LaunchScreen_ios.strings; sourceTree = "<group>"; };
		1A1EDC2E1CB562500095C12A /* en */ = {isa = PBXFileReference; lastKnownFileType = text.plist.strings; name = en; path = en.lproj/Main_ios.strings; sourceTree = "<group>"; };
		1A71D9F91CB492DC00FCC2FD /* en */ = {isa = PBXFileReference; lastKnownFileType = text.plist.strings; name = en; path = en.lproj/Main_mac.strings; sourceTree = "<group>"; };
		1A71D9FA1CB4934400FCC2FD /* CoreBluetooth.framework */ = {isa = PBXFileReference; lastKnownFileType = wrapper.framework; name = CoreBluetooth.framework; path = System/Library/Frameworks/CoreBluetooth.framework; sourceTree = SDKROOT; };
		1A71D9FC1CB493B800FCC2FD /* BLUViewController_mac.h */ = {isa = PBXFileReference; fileEncoding = 4; lastKnownFileType = sourcecode.c.h; path = BLUViewController_mac.h; sourceTree = "<group>"; };
		1A71D9FD1CB493B800FCC2FD /* BLUViewController_mac.m */ = {isa = PBXFileReference; fileEncoding = 4; lastKnownFileType = sourcecode.c.objc; path = BLUViewController_mac.m; sourceTree = "<group>"; };
		1ADA6B6B1CB3914700B39C33 /* Base */ = {isa = PBXFileReference; lastKnownFileType = file.storyboard; name = Base; path = Base.lproj/Main_mac.storyboard; sourceTree = "<group>"; };
		1ADA6B6D1CB391A200B39C33 /* Assets_mac.xcassets */ = {isa = PBXFileReference; lastKnownFileType = folder.assetcatalog; path = Assets_mac.xcassets; sourceTree = "<group>"; };
		1ADA6B701CB391FE00B39C33 /* en */ = {isa = PBXFileReference; lastKnownFileType = text.plist.strings; name = en; path = en.lproj/Localizable.strings; sourceTree = "<group>"; };
		621652AA195BE3DE00642A5F /* LICENSE.markdown */ = {isa = PBXFileReference; lastKnownFileType = text; path = LICENSE.markdown; sourceTree = SOURCE_ROOT; };
		621652AB195BE3DE00642A5F /* README.markdown */ = {isa = PBXFileReference; lastKnownFileType = text; path = README.markdown; sourceTree = SOURCE_ROOT; };
		622D77D417142EBA00B2A04F /* CoreBluetoothExampleCentral-OSX.app */ = {isa = PBXFileReference; explicitFileType = wrapper.application; includeInIndex = 0; path = "CoreBluetoothExampleCentral-OSX.app"; sourceTree = BUILT_PRODUCTS_DIR; };
		622D77DA17142EBA00B2A04F /* AppKit.framework */ = {isa = PBXFileReference; lastKnownFileType = wrapper.framework; name = AppKit.framework; path = System/Library/Frameworks/AppKit.framework; sourceTree = SDKROOT; };
		622D77DF17142EBA00B2A04F /* Info_mac.plist */ = {isa = PBXFileReference; lastKnownFileType = text.plist.xml; path = Info_mac.plist; sourceTree = "<group>"; };
		622D77E317142EBA00B2A04F /* main_mac.m */ = {isa = PBXFileReference; lastKnownFileType = sourcecode.c.objc; path = main_mac.m; sourceTree = "<group>"; };
		622D77E917142EBA00B2A04F /* BLUAppDelegate_mac.h */ = {isa = PBXFileReference; lastKnownFileType = sourcecode.c.h; path = BLUAppDelegate_mac.h; sourceTree = "<group>"; };
		622D77EA17142EBA00B2A04F /* BLUAppDelegate_mac.m */ = {isa = PBXFileReference; lastKnownFileType = sourcecode.c.objc; path = BLUAppDelegate_mac.m; sourceTree = "<group>"; };
/* End PBXFileReference section */

/* Begin PBXFrameworksBuildPhase section */
		1A1EDBEA1CB560FA0095C12A /* Frameworks */ = {
			isa = PBXFrameworksBuildPhase;
			buildActionMask = 2147483647;
			files = (
				1A1EDC241CB561DD0095C12A /* CoreBluetooth.framework in Frameworks */,
				1A1EDC261CB561E90095C12A /* UIKit.framework in Frameworks */,
			);
			runOnlyForDeploymentPostprocessing = 0;
		};
		622D77D117142EBA00B2A04F /* Frameworks */ = {
			isa = PBXFrameworksBuildPhase;
			buildActionMask = 2147483647;
			files = (
				1A71D9F61CB4911A00FCC2FD /* AppKit.framework in Frameworks */,
				1A71D9FB1CB4934400FCC2FD /* CoreBluetooth.framework in Frameworks */,
			);
			runOnlyForDeploymentPostprocessing = 0;
		};
/* End PBXFrameworksBuildPhase section */

/* Begin PBXGroup section */
		1A0A20E21CB3690800670ED6 /* Shared */ = {
			isa = PBXGroup;
			children = (
				1A0A20E51CB3690800670ED6 /* Configuration */,
				1A0A20F31CB3690800670ED6 /* LICENSE.markdown */,
				1A0A20F41CB3690800670ED6 /* README.markdown */,
				1A0A20F51CB3690800670ED6 /* Scripts */,
			);
			path = Shared;
			sourceTree = "<group>";
		};
		1A0A20E51CB3690800670ED6 /* Configuration */ = {
			isa = PBXGroup;
			children = (
				1A0A20E61CB3690800670ED6 /* Application-iOS.xcconfig */,
				1A0A20E71CB3690800670ED6 /* Application-OSX.xcconfig */,
				1A0A20E81CB3690800670ED6 /* Framework-iOS.xcconfig */,
				1A0A20E91CB3690800670ED6 /* Framework-OSX.xcconfig */,
				1A0A20EA1CB3690800670ED6 /* Library-iOS.xcconfig */,
				1A0A20EB1CB3690800670ED6 /* Library-OSX.xcconfig */,
				1A0A20EC1CB3690800670ED6 /* Project-Debug.xcconfig */,
				1A0A20ED1CB3690800670ED6 /* Project-Release.xcconfig */,
				1A0A20EE1CB3690800670ED6 /* Project.xcconfig */,
				1A0A20EF1CB3690800670ED6 /* Target-iOS.xcconfig */,
				1A0A20F01CB3690800670ED6 /* Target-OSX.xcconfig */,
				1A0A20F11CB3690800670ED6 /* Test-iOS.xcconfig */,
				1A0A20F21CB3690800670ED6 /* Test-OSX.xcconfig */,
			);
			path = Configuration;
			sourceTree = "<group>";
		};
		1A0A20F51CB3690800670ED6 /* Scripts */ = {
			isa = PBXGroup;
			children = (
				1A16C1751CC92389003BD396 /* find-clang-format */,
				1A16C1761CC92389003BD396 /* find-genstrings */,
			);
			path = Scripts;
			sourceTree = "<group>";
		};
		622D77CB17142EBA00B2A04F = {
			isa = PBXGroup;
			children = (
				1A0A20E21CB3690800670ED6 /* Shared */,
				622D77DD17142EBA00B2A04F /* CoreBluetoothExample */,
				622D77D617142EBA00B2A04F /* Frameworks */,
				622D77D517142EBA00B2A04F /* Products */,
			);
			sourceTree = "<group>";
		};
		622D77D517142EBA00B2A04F /* Products */ = {
			isa = PBXGroup;
			children = (
				1A1EDBED1CB560FA0095C12A /* CoreBluetoothExamplePeripheral-iOS.app */,
				622D77D417142EBA00B2A04F /* CoreBluetoothExampleCentral-OSX.app */,
			);
			name = Products;
			sourceTree = "<group>";
		};
		622D77D617142EBA00B2A04F /* Frameworks */ = {
			isa = PBXGroup;
			children = (
				622D77DA17142EBA00B2A04F /* AppKit.framework */,
				1A1EDC231CB561DD0095C12A /* CoreBluetooth.framework */,
				1A71D9FA1CB4934400FCC2FD /* CoreBluetooth.framework */,
				1A1EDC251CB561E90095C12A /* UIKit.framework */,
			);
			name = Frameworks;
			sourceTree = "<group>";
		};
		622D77DD17142EBA00B2A04F /* CoreBluetoothExample */ = {
			isa = PBXGroup;
			children = (
				622D77F617142EDE00B2A04F /* Resources */,
				622D77F517142ED500B2A04F /* Source */,
			);
			path = CoreBluetoothExample;
			sourceTree = "<group>";
		};
		622D77F517142ED500B2A04F /* Source */ = {
			isa = PBXGroup;
			children = (
				1A1EDBCE1CB560680095C12A /* BLUAppDelegate_ios.h */,
				1A1EDBCF1CB560680095C12A /* BLUAppDelegate_ios.m */,
				622D77E917142EBA00B2A04F /* BLUAppDelegate_mac.h */,
				622D77EA17142EBA00B2A04F /* BLUAppDelegate_mac.m */,
				1A1EDBD01CB560680095C12A /* BLUViewController_ios.h */,
				1A1EDBD11CB560680095C12A /* BLUViewController_ios.m */,
				1A71D9FC1CB493B800FCC2FD /* BLUViewController_mac.h */,
				1A71D9FD1CB493B800FCC2FD /* BLUViewController_mac.m */,
				1A1EDBD21CB560680095C12A /* main_ios.m */,
				622D77E317142EBA00B2A04F /* main_mac.m */,
			);
			name = Source;
			sourceTree = "<group>";
		};
		622D77F617142EDE00B2A04F /* Resources */ = {
			isa = PBXGroup;
			children = (
				1A1EDBD81CB560790095C12A /* Assets_ios.xcassets */,
				1ADA6B6D1CB391A200B39C33 /* Assets_mac.xcassets */,
				1A1EDBD61CB560720095C12A /* Info_ios.plist */,
				622D77DF17142EBA00B2A04F /* Info_mac.plist */,
				1A1EDBDA1CB560830095C12A /* LaunchScreen_ios.storyboard */,
				621652AA195BE3DE00642A5F /* LICENSE.markdown */,
				1ADA6B6F1CB391FE00B39C33 /* Localizable.strings */,
				1A1EDBDC1CB560830095C12A /* Main_ios.storyboard */,
				1ADA6B6A1CB3914700B39C33 /* Main_mac.storyboard */,
				621652AB195BE3DE00642A5F /* README.markdown */,
			);
			name = Resources;
			sourceTree = "<group>";
		};
/* End PBXGroup section */

/* Begin PBXNativeTarget section */
		1A1EDBEC1CB560FA0095C12A /* CoreBluetoothExamplePeripheral-iOS */ = {
			isa = PBXNativeTarget;
			buildConfigurationList = 1A1EDC171CB560FA0095C12A /* Build configuration list for PBXNativeTarget "CoreBluetoothExamplePeripheral-iOS" */;
			buildPhases = (
				1A7184431CB59B4C00D71D1D /* ShellScript */,
				1A1EDBE91CB560FA0095C12A /* Sources */,
				1A1EDBEA1CB560FA0095C12A /* Frameworks */,
				1A1EDBEB1CB560FA0095C12A /* Resources */,
			);
			buildRules = (
			);
			dependencies = (
			);
			name = "CoreBluetoothExamplePeripheral-iOS";
			productName = "CoreBluetoothExamplePeripheral-iOS";
			productReference = 1A1EDBED1CB560FA0095C12A /* CoreBluetoothExamplePeripheral-iOS.app */;
			productType = "com.apple.product-type.application";
		};
		622D77D317142EBA00B2A04F /* CoreBluetoothExampleCentral-OSX */ = {
			isa = PBXNativeTarget;
			buildConfigurationList = 622D77F117142EBA00B2A04F /* Build configuration list for PBXNativeTarget "CoreBluetoothExampleCentral-OSX" */;
			buildPhases = (
				1A7184441CB59B5700D71D1D /* ShellScript */,
				622D77D017142EBA00B2A04F /* Sources */,
				622D77D117142EBA00B2A04F /* Frameworks */,
				622D77D217142EBA00B2A04F /* Resources */,
			);
			buildRules = (
			);
			dependencies = (
			);
			name = "CoreBluetoothExampleCentral-OSX";
			productName = "CoreBluetoothExampleCentral-OSX";
			productReference = 622D77D417142EBA00B2A04F /* CoreBluetoothExampleCentral-OSX.app */;
			productType = "com.apple.product-type.application";
		};
/* End PBXNativeTarget section */

/* Begin PBXProject section */
		622D77CC17142EBA00B2A04F /* Project object */ = {
			isa = PBXProject;
			attributes = {
				CLASSPREFIX = BLU;
				LastUpgradeCheck = 0730;
				ORGANIZATIONNAME = "Michael Reneer";
				TargetAttributes = {
					1A1EDBEC1CB560FA0095C12A = {
						CreatedOnToolsVersion = 7.3;
					};
					622D77D317142EBA00B2A04F = {
						DevelopmentTeam = 75S8L5LRS8;
					};
				};
			};
			buildConfigurationList = 622D77CF17142EBA00B2A04F /* Build configuration list for PBXProject "CoreBluetoothExample" */;
			compatibilityVersion = "Xcode 3.2";
			developmentRegion = English;
			hasScannedForEncodings = 0;
			knownRegions = (
				en,
				Base,
			);
			mainGroup = 622D77CB17142EBA00B2A04F;
			productRefGroup = 622D77D517142EBA00B2A04F /* Products */;
			projectDirPath = "";
			projectRoot = "";
			targets = (
				1A1EDBEC1CB560FA0095C12A /* CoreBluetoothExamplePeripheral-iOS */,
				622D77D317142EBA00B2A04F /* CoreBluetoothExampleCentral-OSX */,
			);
		};
/* End PBXProject section */

/* Begin PBXResourcesBuildPhase section */
		1A1EDBEB1CB560FA0095C12A /* Resources */ = {
			isa = PBXResourcesBuildPhase;
			buildActionMask = 2147483647;
			files = (
				1A1EDC271CB5620A0095C12A /* Assets_ios.xcassets in Resources */,
				1A1EDC281CB5620A0095C12A /* LaunchScreen_ios.storyboard in Resources */,
				1A7184481CB5A19200D71D1D /* Localizable.strings in Resources */,
				1A1EDC2A1CB5620A0095C12A /* Main_ios.storyboard in Resources */,
			);
			runOnlyForDeploymentPostprocessing = 0;
		};
		622D77D217142EBA00B2A04F /* Resources */ = {
			isa = PBXResourcesBuildPhase;
			buildActionMask = 2147483647;
			files = (
				1ADA6B6E1CB391A200B39C33 /* Assets_mac.xcassets in Resources */,
				1A33F5961CCAF06C00A87721 /* Localizable.strings in Resources */,
				1ADA6B6C1CB3914700B39C33 /* Main_mac.storyboard in Resources */,
			);
			runOnlyForDeploymentPostprocessing = 0;
		};
/* End PBXResourcesBuildPhase section */

/* Begin PBXShellScriptBuildPhase section */
		1A7184431CB59B4C00D71D1D /* ShellScript */ = {
			isa = PBXShellScriptBuildPhase;
			buildActionMask = 2147483647;
			files = (
			);
			inputPaths = (
			);
			outputPaths = (
			);
			runOnlyForDeploymentPostprocessing = 0;
			shellPath = /bin/sh;
			shellScript = "Shared/Scripts/find-genstrings\n";
		};
		1A7184441CB59B5700D71D1D /* ShellScript */ = {
			isa = PBXShellScriptBuildPhase;
			buildActionMask = 2147483647;
			files = (
			);
			inputPaths = (
			);
			outputPaths = (
			);
			runOnlyForDeploymentPostprocessing = 0;
			shellPath = /bin/sh;
			shellScript = "Shared/Scripts/find-genstrings\n";
		};
/* End PBXShellScriptBuildPhase section */

/* Begin PBXSourcesBuildPhase section */
		1A1EDBE91CB560FA0095C12A /* Sources */ = {
			isa = PBXSourcesBuildPhase;
			buildActionMask = 2147483647;
			files = (
				1A1EDC201CB561D20095C12A /* BLUAppDelegate_ios.m in Sources */,
				1A1EDC211CB561D20095C12A /* BLUViewController_ios.m in Sources */,
				1A1EDC2F1CB562D10095C12A /* main_ios.m in Sources */,
			);
			runOnlyForDeploymentPostprocessing = 0;
		};
		622D77D017142EBA00B2A04F /* Sources */ = {
			isa = PBXSourcesBuildPhase;
			buildActionMask = 2147483647;
			files = (
				622D77EB17142EBA00B2A04F /* BLUAppDelegate_mac.m in Sources */,
				1A71D9FE1CB493B800FCC2FD /* BLUViewController_mac.m in Sources */,
				622D77E417142EBA00B2A04F /* main_mac.m in Sources */,
			);
			runOnlyForDeploymentPostprocessing = 0;
		};
/* End PBXSourcesBuildPhase section */

/* Begin PBXVariantGroup section */
		1A1EDBDA1CB560830095C12A /* LaunchScreen_ios.storyboard */ = {
			isa = PBXVariantGroup;
			children = (
				1A1EDBDB1CB560830095C12A /* Base */,
				1A1EDC2C1CB5624B0095C12A /* en */,
			);
			name = LaunchScreen_ios.storyboard;
			sourceTree = "<group>";
		};
		1A1EDBDC1CB560830095C12A /* Main_ios.storyboard */ = {
			isa = PBXVariantGroup;
			children = (
				1A1EDBDD1CB560830095C12A /* Base */,
				1A1EDC2E1CB562500095C12A /* en */,
			);
			name = Main_ios.storyboard;
			sourceTree = "<group>";
		};
		1ADA6B6A1CB3914700B39C33 /* Main_mac.storyboard */ = {
			isa = PBXVariantGroup;
			children = (
				1ADA6B6B1CB3914700B39C33 /* Base */,
				1A71D9F91CB492DC00FCC2FD /* en */,
			);
			name = Main_mac.storyboard;
			sourceTree = "<group>";
		};
		1ADA6B6F1CB391FE00B39C33 /* Localizable.strings */ = {
			isa = PBXVariantGroup;
			children = (
				1ADA6B701CB391FE00B39C33 /* en */,
			);
			name = Localizable.strings;
			sourceTree = "<group>";
		};
/* End PBXVariantGroup section */

/* Begin XCBuildConfiguration section */
		1A1EDC181CB560FA0095C12A /* Debug */ = {
			isa = XCBuildConfiguration;
			baseConfigurationReference = 1A0A20E61CB3690800670ED6 /* Application-iOS.xcconfig */;
			buildSettings = {
				INFOPLIST_FILE = CoreBluetoothExample/Info_ios.plist;
				PRODUCT_BUNDLE_IDENTIFIER = "com.michaelreneer.CoreBluetoothExamplePeripheral-iOS";
				PRODUCT_NAME = "$(TARGET_NAME)";
			};
			name = Debug;
		};
		1A1EDC191CB560FA0095C12A /* Release */ = {
			isa = XCBuildConfiguration;
			baseConfigurationReference = 1A0A20E61CB3690800670ED6 /* Application-iOS.xcconfig */;
			buildSettings = {
				INFOPLIST_FILE = CoreBluetoothExample/Info_ios.plist;
				PRODUCT_BUNDLE_IDENTIFIER = "com.michaelreneer.CoreBluetoothExamplePeripheral-iOS";
				PRODUCT_NAME = "$(TARGET_NAME)";
			};
			name = Release;
		};
		622D77EF17142EBA00B2A04F /* Debug */ = {
			isa = XCBuildConfiguration;
			baseConfigurationReference = 1A0A20EC1CB3690800670ED6 /* Project-Debug.xcconfig */;
			buildSettings = {
			};
			name = Debug;
		};
		622D77F017142EBA00B2A04F /* Release */ = {
			isa = XCBuildConfiguration;
			baseConfigurationReference = 1A0A20ED1CB3690800670ED6 /* Project-Release.xcconfig */;
			buildSettings = {
			};
			name = Release;
		};
		622D77F217142EBA00B2A04F /* Debug */ = {
			isa = XCBuildConfiguration;
			baseConfigurationReference = 1A0A20E71CB3690800670ED6 /* Application-OSX.xcconfig */;
			buildSettings = {
				INFOPLIST_FILE = CoreBluetoothExample/Info_mac.plist;
				PRODUCT_BUNDLE_IDENTIFIER = "com.michaelreneer.CoreBluetoothExampleCentral-OSX";
				PRODUCT_NAME = "${TARGET_NAME}";
			};
			name = Debug;
		};
		622D77F317142EBA00B2A04F /* Release */ = {
			isa = XCBuildConfiguration;
			baseConfigurationReference = 1A0A20E71CB3690800670ED6 /* Application-OSX.xcconfig */;
			buildSettings = {
				INFOPLIST_FILE = CoreBluetoothExample/Info_mac.plist;
				PRODUCT_BUNDLE_IDENTIFIER = "com.michaelreneer.CoreBluetoothExampleCentral-OSX";
				PRODUCT_NAME = "${TARGET_NAME}";
			};
			name = Release;
		};
/* End XCBuildConfiguration section */

/* Begin XCConfigurationList section */
		1A1EDC171CB560FA0095C12A /* Build configuration list for PBXNativeTarget "CoreBluetoothExamplePeripheral-iOS" */ = {
			isa = XCConfigurationList;
			buildConfigurations = (
				1A1EDC181CB560FA0095C12A /* Debug */,
				1A1EDC191CB560FA0095C12A /* Release */,
			);
			defaultConfigurationIsVisible = 0;
			defaultConfigurationName = Release;
		};
		622D77CF17142EBA00B2A04F /* Build configuration list for PBXProject "CoreBluetoothExample" */ = {
			isa = XCConfigurationList;
			buildConfigurations = (
				622D77EF17142EBA00B2A04F /* Debug */,
				622D77F017142EBA00B2A04F /* Release */,
			);
			defaultConfigurationIsVisible = 0;
			defaultConfigurationName = Release;
		};
		622D77F117142EBA00B2A04F /* Build configuration list for PBXNativeTarget "CoreBluetoothExampleCentral-OSX" */ = {
			isa = XCConfigurationList;
			buildConfigurations = (
				622D77F217142EBA00B2A04F /* Debug */,
				622D77F317142EBA00B2A04F /* Release */,
			);
			defaultConfigurationIsVisible = 0;
			defaultConfigurationName = Release;
		};
/* End XCConfigurationList section */
	};
	rootObject = 622D77CC17142EBA00B2A04F /* Project object */;
}
