// !$*UTF8*$!
{
	archiveVersion = 1;
	classes = {
	};
	objectVersion = 46;
	objects = {

/* Begin PBXBuildFile section */
		1A71D9F61CB4911A00FCC2FD /* AppKit.framework in Frameworks */ = {isa = PBXBuildFile; fileRef = 622D77DA17142EBA00B2A04F /* AppKit.framework */; };
		1A71D9FB1CB4934400FCC2FD /* CoreBluetooth.framework in Frameworks */ = {isa = PBXBuildFile; fileRef = 1A71D9FA1CB4934400FCC2FD /* CoreBluetooth.framework */; };
		1A71D9FE1CB493B800FCC2FD /* BLUViewController.m in Sources */ = {isa = PBXBuildFile; fileRef = 1A71D9FD1CB493B800FCC2FD /* BLUViewController.m */; };
		1ADA6B6C1CB3914700B39C33 /* Main.storyboard in Resources */ = {isa = PBXBuildFile; fileRef = 1ADA6B6A1CB3914700B39C33 /* Main.storyboard */; };
		1ADA6B6E1CB391A200B39C33 /* Assets.xcassets in Resources */ = {isa = PBXBuildFile; fileRef = 1ADA6B6D1CB391A200B39C33 /* Assets.xcassets */; };
		1ADA6B711CB391FE00B39C33 /* Localizable.strings in Resources */ = {isa = PBXBuildFile; fileRef = 1ADA6B6F1CB391FE00B39C33 /* Localizable.strings */; };
		622D77E417142EBA00B2A04F /* main.m in Sources */ = {isa = PBXBuildFile; fileRef = 622D77E317142EBA00B2A04F /* main.m */; };
		622D77EB17142EBA00B2A04F /* BLUAppDelegate.m in Sources */ = {isa = PBXBuildFile; fileRef = 622D77EA17142EBA00B2A04F /* BLUAppDelegate.m */; };
/* End PBXBuildFile section */

/* Begin PBXFileReference section */
		1A0A20E61CB3690800670ED6 /* Application-iOS.xcconfig */ = {isa = PBXFileReference; lastKnownFileType = text.xcconfig; path = "Application-iOS.xcconfig"; sourceTree = "<group>"; };
		1A0A20E71CB3690800670ED6 /* Application-Mac.xcconfig */ = {isa = PBXFileReference; lastKnownFileType = text.xcconfig; path = "Application-Mac.xcconfig"; sourceTree = "<group>"; };
		1A0A20E81CB3690800670ED6 /* Framework-iOS.xcconfig */ = {isa = PBXFileReference; lastKnownFileType = text.xcconfig; path = "Framework-iOS.xcconfig"; sourceTree = "<group>"; };
		1A0A20E91CB3690800670ED6 /* Framework-Mac.xcconfig */ = {isa = PBXFileReference; lastKnownFileType = text.xcconfig; path = "Framework-Mac.xcconfig"; sourceTree = "<group>"; };
		1A0A20EA1CB3690800670ED6 /* Library-iOS.xcconfig */ = {isa = PBXFileReference; lastKnownFileType = text.xcconfig; path = "Library-iOS.xcconfig"; sourceTree = "<group>"; };
		1A0A20EB1CB3690800670ED6 /* Library-Mac.xcconfig */ = {isa = PBXFileReference; lastKnownFileType = text.xcconfig; path = "Library-Mac.xcconfig"; sourceTree = "<group>"; };
		1A0A20EC1CB3690800670ED6 /* Project-Debug.xcconfig */ = {isa = PBXFileReference; lastKnownFileType = text.xcconfig; path = "Project-Debug.xcconfig"; sourceTree = "<group>"; };
		1A0A20ED1CB3690800670ED6 /* Project-Release.xcconfig */ = {isa = PBXFileReference; lastKnownFileType = text.xcconfig; path = "Project-Release.xcconfig"; sourceTree = "<group>"; };
		1A0A20EE1CB3690800670ED6 /* Project.xcconfig */ = {isa = PBXFileReference; lastKnownFileType = text.xcconfig; path = Project.xcconfig; sourceTree = "<group>"; };
		1A0A20EF1CB3690800670ED6 /* Target-iOS.xcconfig */ = {isa = PBXFileReference; lastKnownFileType = text.xcconfig; path = "Target-iOS.xcconfig"; sourceTree = "<group>"; };
		1A0A20F01CB3690800670ED6 /* Target-Mac.xcconfig */ = {isa = PBXFileReference; lastKnownFileType = text.xcconfig; path = "Target-Mac.xcconfig"; sourceTree = "<group>"; };
		1A0A20F11CB3690800670ED6 /* Test-iOS.xcconfig */ = {isa = PBXFileReference; lastKnownFileType = text.xcconfig; path = "Test-iOS.xcconfig"; sourceTree = "<group>"; };
		1A0A20F21CB3690800670ED6 /* Test-Mac.xcconfig */ = {isa = PBXFileReference; lastKnownFileType = text.xcconfig; path = "Test-Mac.xcconfig"; sourceTree = "<group>"; };
		1A0A20F31CB3690800670ED6 /* LICENSE.markdown */ = {isa = PBXFileReference; lastKnownFileType = net.daringfireball.markdown; path = LICENSE.markdown; sourceTree = "<group>"; };
		1A0A20F41CB3690800670ED6 /* README.markdown */ = {isa = PBXFileReference; lastKnownFileType = net.daringfireball.markdown; path = README.markdown; sourceTree = "<group>"; };
		1A0A20F61CB3690800670ED6 /* MakeLocalizableStrings.sh */ = {isa = PBXFileReference; lastKnownFileType = text.script.sh; path = MakeLocalizableStrings.sh; sourceTree = "<group>"; };
		1A71D9F91CB492DC00FCC2FD /* en */ = {isa = PBXFileReference; lastKnownFileType = text.plist.strings; name = en; path = en.lproj/Main.strings; sourceTree = "<group>"; };
		1A71D9FA1CB4934400FCC2FD /* CoreBluetooth.framework */ = {isa = PBXFileReference; lastKnownFileType = wrapper.framework; name = CoreBluetooth.framework; path = System/Library/Frameworks/CoreBluetooth.framework; sourceTree = SDKROOT; };
		1A71D9FC1CB493B800FCC2FD /* BLUViewController.h */ = {isa = PBXFileReference; fileEncoding = 4; lastKnownFileType = sourcecode.c.h; path = BLUViewController.h; sourceTree = "<group>"; };
		1A71D9FD1CB493B800FCC2FD /* BLUViewController.m */ = {isa = PBXFileReference; fileEncoding = 4; lastKnownFileType = sourcecode.c.objc; path = BLUViewController.m; sourceTree = "<group>"; };
		1ADA6B6B1CB3914700B39C33 /* Base */ = {isa = PBXFileReference; lastKnownFileType = file.storyboard; name = Base; path = Base.lproj/Main.storyboard; sourceTree = "<group>"; };
		1ADA6B6D1CB391A200B39C33 /* Assets.xcassets */ = {isa = PBXFileReference; lastKnownFileType = folder.assetcatalog; path = Assets.xcassets; sourceTree = "<group>"; };
		1ADA6B701CB391FE00B39C33 /* en */ = {isa = PBXFileReference; lastKnownFileType = text.plist.strings; name = en; path = en.lproj/Localizable.strings; sourceTree = "<group>"; };
		621652AA195BE3DE00642A5F /* LICENSE.markdown */ = {isa = PBXFileReference; lastKnownFileType = text; path = LICENSE.markdown; sourceTree = SOURCE_ROOT; };
		621652AB195BE3DE00642A5F /* README.markdown */ = {isa = PBXFileReference; lastKnownFileType = text; path = README.markdown; sourceTree = SOURCE_ROOT; };
		622D77D417142EBA00B2A04F /* CoreBluetoothOSXCentral.app */ = {isa = PBXFileReference; explicitFileType = wrapper.application; includeInIndex = 0; path = CoreBluetoothOSXCentral.app; sourceTree = BUILT_PRODUCTS_DIR; };
		622D77DA17142EBA00B2A04F /* AppKit.framework */ = {isa = PBXFileReference; lastKnownFileType = wrapper.framework; name = AppKit.framework; path = System/Library/Frameworks/AppKit.framework; sourceTree = SDKROOT; };
		622D77DF17142EBA00B2A04F /* Info.plist */ = {isa = PBXFileReference; lastKnownFileType = text.plist.xml; path = Info.plist; sourceTree = "<group>"; };
		622D77E317142EBA00B2A04F /* main.m */ = {isa = PBXFileReference; lastKnownFileType = sourcecode.c.objc; path = main.m; sourceTree = "<group>"; };
		622D77E917142EBA00B2A04F /* BLUAppDelegate.h */ = {isa = PBXFileReference; lastKnownFileType = sourcecode.c.h; path = BLUAppDelegate.h; sourceTree = "<group>"; };
		622D77EA17142EBA00B2A04F /* BLUAppDelegate.m */ = {isa = PBXFileReference; lastKnownFileType = sourcecode.c.objc; path = BLUAppDelegate.m; sourceTree = "<group>"; };
/* End PBXFileReference section */

/* Begin PBXFrameworksBuildPhase section */
		622D77D117142EBA00B2A04F /* Frameworks */ = {
			isa = PBXFrameworksBuildPhase;
			buildActionMask = 2147483647;
			files = (
				1A71D9F61CB4911A00FCC2FD /* AppKit.framework in Frameworks */,
				1A71D9FB1CB4934400FCC2FD /* CoreBluetooth.framework in Frameworks */,
			);
			runOnlyForDeploymentPostprocessing = 0;
		};
/* End PBXFrameworksBuildPhase section */

/* Begin PBXGroup section */
		1A0A20E21CB3690800670ED6 /* Shared */ = {
			isa = PBXGroup;
			children = (
				1A0A20E51CB3690800670ED6 /* Configuration */,
				1A0A20F31CB3690800670ED6 /* LICENSE.markdown */,
				1A0A20F41CB3690800670ED6 /* README.markdown */,
				1A0A20F51CB3690800670ED6 /* Scripts */,
			);
			path = Shared;
			sourceTree = "<group>";
		};
		1A0A20E51CB3690800670ED6 /* Configuration */ = {
			isa = PBXGroup;
			children = (
				1A0A20E61CB3690800670ED6 /* Application-iOS.xcconfig */,
				1A0A20E71CB3690800670ED6 /* Application-Mac.xcconfig */,
				1A0A20E81CB3690800670ED6 /* Framework-iOS.xcconfig */,
				1A0A20E91CB3690800670ED6 /* Framework-Mac.xcconfig */,
				1A0A20EA1CB3690800670ED6 /* Library-iOS.xcconfig */,
				1A0A20EB1CB3690800670ED6 /* Library-Mac.xcconfig */,
				1A0A20EC1CB3690800670ED6 /* Project-Debug.xcconfig */,
				1A0A20ED1CB3690800670ED6 /* Project-Release.xcconfig */,
				1A0A20EE1CB3690800670ED6 /* Project.xcconfig */,
				1A0A20EF1CB3690800670ED6 /* Target-iOS.xcconfig */,
				1A0A20F01CB3690800670ED6 /* Target-Mac.xcconfig */,
				1A0A20F11CB3690800670ED6 /* Test-iOS.xcconfig */,
				1A0A20F21CB3690800670ED6 /* Test-Mac.xcconfig */,
			);
			path = Configuration;
			sourceTree = "<group>";
		};
		1A0A20F51CB3690800670ED6 /* Scripts */ = {
			isa = PBXGroup;
			children = (
				1A0A20F61CB3690800670ED6 /* MakeLocalizableStrings.sh */,
			);
			path = Scripts;
			sourceTree = "<group>";
		};
		622D77CB17142EBA00B2A04F = {
			isa = PBXGroup;
			children = (
				1A0A20E21CB3690800670ED6 /* Shared */,
				622D77DD17142EBA00B2A04F /* CoreBluetoothOSXCentral */,
				622D77D617142EBA00B2A04F /* Frameworks */,
				622D77D517142EBA00B2A04F /* Products */,
			);
			sourceTree = "<group>";
		};
		622D77D517142EBA00B2A04F /* Products */ = {
			isa = PBXGroup;
			children = (
				622D77D417142EBA00B2A04F /* CoreBluetoothOSXCentral.app */,
			);
			name = Products;
			sourceTree = "<group>";
		};
		622D77D617142EBA00B2A04F /* Frameworks */ = {
			isa = PBXGroup;
			children = (
				622D77DA17142EBA00B2A04F /* AppKit.framework */,
				1A71D9FA1CB4934400FCC2FD /* CoreBluetooth.framework */,
			);
			name = Frameworks;
			sourceTree = "<group>";
		};
		622D77DD17142EBA00B2A04F /* CoreBluetoothOSXCentral */ = {
			isa = PBXGroup;
			children = (
				622D77F617142EDE00B2A04F /* Resources */,
				622D77F517142ED500B2A04F /* Source */,
			);
			path = CoreBluetoothOSXCentral;
			sourceTree = "<group>";
		};
		622D77F517142ED500B2A04F /* Source */ = {
			isa = PBXGroup;
			children = (
				622D77E917142EBA00B2A04F /* BLUAppDelegate.h */,
				622D77EA17142EBA00B2A04F /* BLUAppDelegate.m */,
				1A71D9FC1CB493B800FCC2FD /* BLUViewController.h */,
				1A71D9FD1CB493B800FCC2FD /* BLUViewController.m */,
				622D77E317142EBA00B2A04F /* main.m */,
			);
			name = Source;
			sourceTree = "<group>";
		};
		622D77F617142EDE00B2A04F /* Resources */ = {
			isa = PBXGroup;
			children = (
				1ADA6B6D1CB391A200B39C33 /* Assets.xcassets */,
				622D77DF17142EBA00B2A04F /* Info.plist */,
				621652AA195BE3DE00642A5F /* LICENSE.markdown */,
				1ADA6B6F1CB391FE00B39C33 /* Localizable.strings */,
				1ADA6B6A1CB3914700B39C33 /* Main.storyboard */,
				621652AB195BE3DE00642A5F /* README.markdown */,
			);
			name = Resources;
			sourceTree = "<group>";
		};
/* End PBXGroup section */

/* Begin PBXNativeTarget section */
		622D77D317142EBA00B2A04F /* CoreBluetoothOSXCentral */ = {
			isa = PBXNativeTarget;
			buildConfigurationList = 622D77F117142EBA00B2A04F /* Build configuration list for PBXNativeTarget "CoreBluetoothOSXCentral" */;
			buildPhases = (
				622D77D017142EBA00B2A04F /* Sources */,
				622D77D117142EBA00B2A04F /* Frameworks */,
				622D77D217142EBA00B2A04F /* Resources */,
			);
			buildRules = (
			);
			dependencies = (
			);
			name = CoreBluetoothOSXCentral;
			productName = CoreBluetoothOSXCentral;
			productReference = 622D77D417142EBA00B2A04F /* CoreBluetoothOSXCentral.app */;
			productType = "com.apple.product-type.application";
		};
/* End PBXNativeTarget section */

/* Begin PBXProject section */
		622D77CC17142EBA00B2A04F /* Project object */ = {
			isa = PBXProject;
			attributes = {
				CLASSPREFIX = BOC;
				LastUpgradeCheck = 0730;
				ORGANIZATIONNAME = "Michael Reneer";
			};
			buildConfigurationList = 622D77CF17142EBA00B2A04F /* Build configuration list for PBXProject "CoreBluetoothOSXCentral" */;
			compatibilityVersion = "Xcode 3.2";
			developmentRegion = English;
			hasScannedForEncodings = 0;
			knownRegions = (
				en,
				Base,
			);
			mainGroup = 622D77CB17142EBA00B2A04F;
			productRefGroup = 622D77D517142EBA00B2A04F /* Products */;
			projectDirPath = "";
			projectRoot = "";
			targets = (
				622D77D317142EBA00B2A04F /* CoreBluetoothOSXCentral */,
			);
		};
/* End PBXProject section */

/* Begin PBXResourcesBuildPhase section */
		622D77D217142EBA00B2A04F /* Resources */ = {
			isa = PBXResourcesBuildPhase;
			buildActionMask = 2147483647;
			files = (
				1ADA6B6E1CB391A200B39C33 /* Assets.xcassets in Resources */,
				1ADA6B711CB391FE00B39C33 /* Localizable.strings in Resources */,
				1ADA6B6C1CB3914700B39C33 /* Main.storyboard in Resources */,
			);
			runOnlyForDeploymentPostprocessing = 0;
		};
/* End PBXResourcesBuildPhase section */

/* Begin PBXSourcesBuildPhase section */
		622D77D017142EBA00B2A04F /* Sources */ = {
			isa = PBXSourcesBuildPhase;
			buildActionMask = 2147483647;
			files = (
				622D77EB17142EBA00B2A04F /* BLUAppDelegate.m in Sources */,
				622D77E417142EBA00B2A04F /* main.m in Sources */,
				1A71D9FE1CB493B800FCC2FD /* BLUViewController.m in Sources */,
			);
			runOnlyForDeploymentPostprocessing = 0;
		};
/* End PBXSourcesBuildPhase section */

/* Begin PBXVariantGroup section */
		1ADA6B6A1CB3914700B39C33 /* Main.storyboard */ = {
			isa = PBXVariantGroup;
			children = (
				1ADA6B6B1CB3914700B39C33 /* Base */,
				1A71D9F91CB492DC00FCC2FD /* en */,
			);
			name = Main.storyboard;
			sourceTree = "<group>";
		};
		1ADA6B6F1CB391FE00B39C33 /* Localizable.strings */ = {
			isa = PBXVariantGroup;
			children = (
				1ADA6B701CB391FE00B39C33 /* en */,
			);
			name = Localizable.strings;
			sourceTree = "<group>";
		};
/* End PBXVariantGroup section */

/* Begin XCBuildConfiguration section */
		622D77EF17142EBA00B2A04F /* Debug */ = {
			isa = XCBuildConfiguration;
			baseConfigurationReference = 1A0A20EC1CB3690800670ED6 /* Project-Debug.xcconfig */;
			buildSettings = {
			};
			name = Debug;
		};
		622D77F017142EBA00B2A04F /* Release */ = {
			isa = XCBuildConfiguration;
			baseConfigurationReference = 1A0A20ED1CB3690800670ED6 /* Project-Release.xcconfig */;
			buildSettings = {
			};
			name = Release;
		};
		622D77F217142EBA00B2A04F /* Debug */ = {
			isa = XCBuildConfiguration;
			baseConfigurationReference = 1A0A20E71CB3690800670ED6 /* Application-Mac.xcconfig */;
			buildSettings = {
				ASSETCATALOG_COMPILER_APPICON_NAME = AppIcon;
				INFOPLIST_FILE = CoreBluetoothOSXCentral/Info.plist;
				PRODUCT_BUNDLE_IDENTIFIER = "com.michaelreneer.CoreBluetoothOSXCentral-Mac";
				PRODUCT_NAME = "${TARGET_NAME}";
			};
			name = Debug;
		};
		622D77F317142EBA00B2A04F /* Release */ = {
			isa = XCBuildConfiguration;
			baseConfigurationReference = 1A0A20E71CB3690800670ED6 /* Application-Mac.xcconfig */;
			buildSettings = {
				ASSETCATALOG_COMPILER_APPICON_NAME = AppIcon;
				INFOPLIST_FILE = CoreBluetoothOSXCentral/Info.plist;
				PRODUCT_BUNDLE_IDENTIFIER = "com.michaelreneer.CoreBluetoothOSXCentral-Mac";
				PRODUCT_NAME = "${TARGET_NAME}";
			};
			name = Release;
		};
/* End XCBuildConfiguration section */

/* Begin XCConfigurationList section */
		622D77CF17142EBA00B2A04F /* Build configuration list for PBXProject "CoreBluetoothOSXCentral" */ = {
			isa = XCConfigurationList;
			buildConfigurations = (
				622D77EF17142EBA00B2A04F /* Debug */,
				622D77F017142EBA00B2A04F /* Release */,
			);
			defaultConfigurationIsVisible = 0;
			defaultConfigurationName = Release;
		};
		622D77F117142EBA00B2A04F /* Build configuration list for PBXNativeTarget "CoreBluetoothOSXCentral" */ = {
			isa = XCConfigurationList;
			buildConfigurations = (
				622D77F217142EBA00B2A04F /* Debug */,
				622D77F317142EBA00B2A04F /* Release */,
			);
			defaultConfigurationIsVisible = 0;
			defaultConfigurationName = Release;
		};
/* End XCConfigurationList section */
	};
	rootObject = 622D77CC17142EBA00B2A04F /* Project object */;
}
